
Microsoft Visual Studio Solution File, Format Version 12.00
# Visual Studio Version 16
VisualStudioVersion = 16.0.30907.101
MinimumVisualStudioVersion = 10.0.40219.1
Project("{FAE04EC0-301F-11D3-BF4B-00C04F79EFBC}") = "EFCoreApi", "EFCoreApi\EFCoreApi.csproj", "{B7347069-C167-4ED9-8226-DB904DA5494E}"
EndProject
Project("{FAE04EC0-301F-11D3-BF4B-00C04F79EFBC}") = "EFCoreIntro.Infrastructure", "EFCoreIntro.Infrastructure\EFCoreIntro.Infrastructure.csproj", "{C82ABAA0-0BC4-4D03-BB72-CD08E5A8CDE4}"
EndProject
Global
	GlobalSection(SolutionConfigurationPlatforms) = preSolution
		Debug|Any CPU = Debug|Any CPU
		Release|Any CPU = Release|Any CPU
	EndGlobalSection
	GlobalSection(ProjectConfigurationPlatforms) = postSolution
		{B7347069-C167-4ED9-8226-DB904DA5494E}.Debug|Any CPU.ActiveCfg = Debug|Any CPU
		{B7347069-C167-4ED9-8226-DB904DA5494E}.Debug|Any CPU.Build.0 = Debug|Any CPU
		{B7347069-C167-4ED9-8226-DB904DA5494E}.Release|Any CPU.ActiveCfg = Release|Any CPU
		{B7347069-C167-4ED9-8226-DB904DA5494E}.Release|Any CPU.Build.0 = Release|Any CPU
		{C82ABAA0-0BC4-4D03-BB72-CD08E5A8CDE4}.Debug|Any CPU.ActiveCfg = Debug|Any CPU
		{C82ABAA0-0BC4-4D03-BB72-CD08E5A8CDE4}.Debug|Any CPU.Build.0 = Debug|Any CPU
		{C82ABAA0-0BC4-4D03-BB72-CD08E5A8CDE4}.Release|Any CPU.ActiveCfg = Release|Any CPU
		{C82ABAA0-0BC4-4D03-BB72-CD08E5A8CDE4}.Release|Any CPU.Build.0 = Release|Any CPU
	EndGlobalSection
	GlobalSection(SolutionProperties) = preSolution
		HideSolutionNode = FALSE
	EndGlobalSection
	GlobalSection(ExtensibilityGlobals) = postSolution
		SolutionGuid = {B1E766C1-CDDD-4FA3-80EA-67FA447675B0}
	EndGlobalSection
EndGlobal
